
Microsoft Visual Studio Solution File, Format Version 12.00
# Visual Studio Version 17
VisualStudioVersion = 17.9.34714.143
MinimumVisualStudioVersion = 10.0.40219.1
Project("{FAE04EC0-301F-11D3-BF4B-00C04F79EFBC}") = "domaci 5", "domaci 5\domaci 5.csproj", "{58F85B49-9DBB-4966-AF2A-42B6F985F810}"
EndProject
Global
	GlobalSection(SolutionConfigurationPlatforms) = preSolution
		Debug|Any CPU = Debug|Any CPU
		Release|Any CPU = Release|Any CPU
	EndGlobalSection
	GlobalSection(ProjectConfigurationPlatforms) = postSolution
		{58F85B49-9DBB-4966-AF2A-42B6F985F810}.Debug|Any CPU.ActiveCfg = Debug|Any CPU
		{58F85B49-9DBB-4966-AF2A-42B6F985F810}.Debug|Any CPU.Build.0 = Debug|Any CPU
		{58F85B49-9DBB-4966-AF2A-42B6F985F810}.Release|Any CPU.ActiveCfg = Release|Any CPU
		{58F85B49-9DBB-4966-AF2A-42B6F985F810}.Release|Any CPU.Build.0 = Release|Any CPU
	EndGlobalSection
	GlobalSection(SolutionProperties) = preSolution
		HideSolutionNode = FALSE
	EndGlobalSection
	GlobalSection(ExtensibilityGlobals) = postSolution
		SolutionGuid = {38E251D5-CC3F-40CC-A4A3-C52C04F48C7A}
	EndGlobalSection
EndGlobal
